
Microsoft Visual Studio Solution File, Format Version 12.00
# Visual Studio Version 17
VisualStudioVersion = 17.14.37301.10
MinimumVisualStudioVersion = 10.0.40219.1
Project("{FAE04EC0-301F-11D3-BF4B-00C04F79EFBC}") = "CustomGameDataLoader", "CustomGameDataLoader.csproj", "{CD316FC4-36F4-4003-B99C-3D61235B32E9}"
EndProject
Global
	GlobalSection(SolutionConfigurationPlatforms) = preSolution
		Debug|Any CPU = Debug|Any CPU
		Release|Any CPU = Release|Any CPU
	EndGlobalSection
	GlobalSection(ProjectConfigurationPlatforms) = postSolution
		{CD316FC4-36F4-4003-B99C-3D61235B32E9}.Debug|Any CPU.ActiveCfg = Debug|Any CPU
		{CD316FC4-36F4-4003-B99C-3D61235B32E9}.Debug|Any CPU.Build.0 = Debug|Any CPU
		{CD316FC4-36F4-4003-B99C-3D61235B32E9}.Release|Any CPU.ActiveCfg = Release|Any CPU
		{CD316FC4-36F4-4003-B99C-3D61235B32E9}.Release|Any CPU.Build.0 = Release|Any CPU
	EndGlobalSection
	GlobalSection(SolutionProperties) = preSolution
		HideSolutionNode = FALSE
	EndGlobalSection
	GlobalSection(ExtensibilityGlobals) = postSolution
		SolutionGuid = {32835148-4521-48F1-9EC7-CE09A44A8B92}
	EndGlobalSection
EndGlobal
